
Microsoft Visual Studio Solution File, Format Version 12.00
# Visual Studio Version 17
VisualStudioVersion = 17.1.32319.34
MinimumVisualStudioVersion = 10.0.40219.1
Project("{9A19103F-16F7-4668-BE54-9A1E7A4F7556}") = "farm-api", "farm-api\farm-api.csproj", "{6166ED90-FEFD-451D-A75F-AC3B195FFC32}"
EndProject
Project("{FAE04EC0-301F-11D3-BF4B-00C04F79EFBC}") = "Model", "Model\Model.csproj", "{336B9911-DD99-42AE-B09C-B41F16A4CFAD}"
EndProject
Project("{FAE04EC0-301F-11D3-BF4B-00C04F79EFBC}") = "Repository", "Repository\Repository.csproj", "{531E36A7-8D28-46EA-971E-1545E17D4249}"
EndProject
Global
	GlobalSection(SolutionConfigurationPlatforms) = preSolution
		Debug|Any CPU = Debug|Any CPU
		Release|Any CPU = Release|Any CPU
	EndGlobalSection
	GlobalSection(ProjectConfigurationPlatforms) = postSolution
		{6166ED90-FEFD-451D-A75F-AC3B195FFC32}.Debug|Any CPU.ActiveCfg = Debug|Any CPU
		{6166ED90-FEFD-451D-A75F-AC3B195FFC32}.Debug|Any CPU.Build.0 = Debug|Any CPU
		{6166ED90-FEFD-451D-A75F-AC3B195FFC32}.Release|Any CPU.ActiveCfg = Release|Any CPU
		{6166ED90-FEFD-451D-A75F-AC3B195FFC32}.Release|Any CPU.Build.0 = Release|Any CPU
		{336B9911-DD99-42AE-B09C-B41F16A4CFAD}.Debug|Any CPU.ActiveCfg = Debug|Any CPU
		{336B9911-DD99-42AE-B09C-B41F16A4CFAD}.Debug|Any CPU.Build.0 = Debug|Any CPU
		{336B9911-DD99-42AE-B09C-B41F16A4CFAD}.Release|Any CPU.ActiveCfg = Release|Any CPU
		{336B9911-DD99-42AE-B09C-B41F16A4CFAD}.Release|Any CPU.Build.0 = Release|Any CPU
		{531E36A7-8D28-46EA-971E-1545E17D4249}.Debug|Any CPU.ActiveCfg = Debug|Any CPU
		{531E36A7-8D28-46EA-971E-1545E17D4249}.Debug|Any CPU.Build.0 = Debug|Any CPU
		{531E36A7-8D28-46EA-971E-1545E17D4249}.Release|Any CPU.ActiveCfg = Release|Any CPU
		{531E36A7-8D28-46EA-971E-1545E17D4249}.Release|Any CPU.Build.0 = Release|Any CPU
	EndGlobalSection
	GlobalSection(SolutionProperties) = preSolution
		HideSolutionNode = FALSE
	EndGlobalSection
	GlobalSection(ExtensibilityGlobals) = postSolution
		SolutionGuid = {207517DF-33DC-4C39-BBF9-D2B013856D75}
	EndGlobalSection
EndGlobal
